
Microsoft Visual Studio Solution File, Format Version 12.00
# Visual Studio Version 16
VisualStudioVersion = 16.0.31624.102
MinimumVisualStudioVersion = 10.0.40219.1
Project("{9A19103F-16F7-4668-BE54-9A1E7A4F7556}") = "DesingPatternProject", "DesingPatternProject\DesingPatternProject.csproj", "{17609BA7-9D52-4A1B-8452-7B967E923912}"
EndProject
Project("{9A19103F-16F7-4668-BE54-9A1E7A4F7556}") = "Singleton", "Singleton\Singleton.csproj", "{88D60D14-C600-464B-A718-82944119B926}"
EndProject
Project("{9A19103F-16F7-4668-BE54-9A1E7A4F7556}") = "Prototype", "Prototype\Prototype.csproj", "{951DD740-6B1A-4791-A775-6431A3E49A6D}"
EndProject
Project("{9A19103F-16F7-4668-BE54-9A1E7A4F7556}") = "FactoryProject", "FactoryProject\FactoryProject.csproj", "{C63FF3A8-5828-49CA-9BBE-724D85592AE0}"
EndProject
Project("{9A19103F-16F7-4668-BE54-9A1E7A4F7556}") = "FactoryMethod", "FactoryMethod\FactoryMethod.csproj", "{6F68AC15-BC23-4DB3-876B-66785C744CAB}"
EndProject
Project("{9A19103F-16F7-4668-BE54-9A1E7A4F7556}") = "AbstractFactory", "AbstractFactory\AbstractFactory.csproj", "{F0FD5ABF-3F46-4907-96E1-C0957FAE5995}"
EndProject
Project("{9A19103F-16F7-4668-BE54-9A1E7A4F7556}") = "SingletonV2", "SingletonV2\SingletonV2.csproj", "{B16C4F53-0419-41E7-B255-931CD30CCDCE}"
EndProject
Project("{9A19103F-16F7-4668-BE54-9A1E7A4F7556}") = "CalculatorAdapter", "CalculatorAdapter\CalculatorAdapter.csproj", "{A4CDAD88-94CB-4648-B13A-919164A08AD4}"
EndProject
Project("{9A19103F-16F7-4668-BE54-9A1E7A4F7556}") = "VehicleAdapter", "VehiculeAdapter\VehicleAdapter.csproj", "{BA9D72CE-2A55-49EB-A227-FE7254FAC11E}"
EndProject
Project("{9A19103F-16F7-4668-BE54-9A1E7A4F7556}") = "CompositePattern", "CompositePattern\CompositePattern.csproj", "{1AA02165-D555-4E2B-A4C7-D98430F0D9D5}"
EndProject
Project("{9A19103F-16F7-4668-BE54-9A1E7A4F7556}") = "MenuComposite", "MenuComposite\MenuComposite.csproj", "{E5EC5F1A-ECC2-4CFE-9490-5DE16C851636}"
EndProject
Project("{9A19103F-16F7-4668-BE54-9A1E7A4F7556}") = "FilesComposite", "FilesComposite\FilesComposite.csproj", "{F720ACCF-D2BF-4357-BE55-AD8D0406B9E1}"
EndProject
Project("{9A19103F-16F7-4668-BE54-9A1E7A4F7556}") = "ProductComposite", "ProductComposite\ProductComposite.csproj", "{DAA897A7-9E64-42E4-ACF7-3DC79978C11B}"
EndProject
Project("{9A19103F-16F7-4668-BE54-9A1E7A4F7556}") = "ProxyPattern", "ProxyPattern\ProxyPattern.csproj", "{FB2A912C-A10A-45C6-8023-D953EADF2AD6}"
EndProject
Project("{9A19103F-16F7-4668-BE54-9A1E7A4F7556}") = "ProxyRepository", "ProxyRepository\ProxyRepository.csproj", "{D5C49399-3953-488C-A9B8-E74116B91571}"
EndProject
Project("{9A19103F-16F7-4668-BE54-9A1E7A4F7556}") = "PaymentFacade", "PaymentFacade\PaymentFacade.csproj", "{C3DB23B8-FE34-4AC0-AB50-6C2FA1D9FED9}"
EndProject
Project("{9A19103F-16F7-4668-BE54-9A1E7A4F7556}") = "CommandPattern", "CommandPattern\CommandPattern.csproj", "{0FEC97FD-9F89-41B9-AFB3-5BE1A8AA4C45}"
EndProject
Project("{9A19103F-16F7-4668-BE54-9A1E7A4F7556}") = "KitchenProxy", "KitchenProxy\KitchenProxy.csproj", "{6732ADB9-CC4B-43C0-B2C0-1E44E5F2C3F8}"
EndProject
Project("{9A19103F-16F7-4668-BE54-9A1E7A4F7556}") = "AutoBuilder", "AutoBuilder\AutoBuilder.csproj", "{674CC552-0C36-45F1-87C0-1B5BA4776D57}"
EndProject
Project("{9A19103F-16F7-4668-BE54-9A1E7A4F7556}") = "PizzaBuilder", "PizzaBuilder\PizzaBuilder.csproj", "{3016953F-7070-4FBE-9213-DBE6A776A8E3}"
EndProject
Project("{FAE04EC0-301F-11D3-BF4B-00C04F79EFBC}") = "WindowsFormObserver", "WindowsFormObserver\WindowsFormObserver.csproj", "{14B2B12F-1BE0-43E7-895C-43F02E8BAE2B}"
EndProject
Project("{FAE04EC0-301F-11D3-BF4B-00C04F79EFBC}") = "DecoratorPattern", "DecoratorPattern\DecoratorPattern.csproj", "{34020421-1731-4C43-9373-2D8659B015E1}"
EndProject
Global
	GlobalSection(SolutionConfigurationPlatforms) = preSolution
		Debug|Any CPU = Debug|Any CPU
		Release|Any CPU = Release|Any CPU
	EndGlobalSection
	GlobalSection(ProjectConfigurationPlatforms) = postSolution
		{17609BA7-9D52-4A1B-8452-7B967E923912}.Debug|Any CPU.ActiveCfg = Debug|Any CPU
		{17609BA7-9D52-4A1B-8452-7B967E923912}.Debug|Any CPU.Build.0 = Debug|Any CPU
		{17609BA7-9D52-4A1B-8452-7B967E923912}.Release|Any CPU.ActiveCfg = Release|Any CPU
		{17609BA7-9D52-4A1B-8452-7B967E923912}.Release|Any CPU.Build.0 = Release|Any CPU
		{88D60D14-C600-464B-A718-82944119B926}.Debug|Any CPU.ActiveCfg = Debug|Any CPU
		{88D60D14-C600-464B-A718-82944119B926}.Debug|Any CPU.Build.0 = Debug|Any CPU
		{88D60D14-C600-464B-A718-82944119B926}.Release|Any CPU.ActiveCfg = Release|Any CPU
		{88D60D14-C600-464B-A718-82944119B926}.Release|Any CPU.Build.0 = Release|Any CPU
		{951DD740-6B1A-4791-A775-6431A3E49A6D}.Debug|Any CPU.ActiveCfg = Debug|Any CPU
		{951DD740-6B1A-4791-A775-6431A3E49A6D}.Debug|Any CPU.Build.0 = Debug|Any CPU
		{951DD740-6B1A-4791-A775-6431A3E49A6D}.Release|Any CPU.ActiveCfg = Release|Any CPU
		{951DD740-6B1A-4791-A775-6431A3E49A6D}.Release|Any CPU.Build.0 = Release|Any CPU
		{C63FF3A8-5828-49CA-9BBE-724D85592AE0}.Debug|Any CPU.ActiveCfg = Debug|Any CPU
		{C63FF3A8-5828-49CA-9BBE-724D85592AE0}.Debug|Any CPU.Build.0 = Debug|Any CPU
		{C63FF3A8-5828-49CA-9BBE-724D85592AE0}.Release|Any CPU.ActiveCfg = Release|Any CPU
		{C63FF3A8-5828-49CA-9BBE-724D85592AE0}.Release|Any CPU.Build.0 = Release|Any CPU
		{6F68AC15-BC23-4DB3-876B-66785C744CAB}.Debug|Any CPU.ActiveCfg = Debug|Any CPU
		{6F68AC15-BC23-4DB3-876B-66785C744CAB}.Debug|Any CPU.Build.0 = Debug|Any CPU
		{6F68AC15-BC23-4DB3-876B-66785C744CAB}.Release|Any CPU.ActiveCfg = Release|Any CPU
		{6F68AC15-BC23-4DB3-876B-66785C744CAB}.Release|Any CPU.Build.0 = Release|Any CPU
		{F0FD5ABF-3F46-4907-96E1-C0957FAE5995}.Debug|Any CPU.ActiveCfg = Debug|Any CPU
		{F0FD5ABF-3F46-4907-96E1-C0957FAE5995}.Debug|Any CPU.Build.0 = Debug|Any CPU
		{F0FD5ABF-3F46-4907-96E1-C0957FAE5995}.Release|Any CPU.ActiveCfg = Release|Any CPU
		{F0FD5ABF-3F46-4907-96E1-C0957FAE5995}.Release|Any CPU.Build.0 = Release|Any CPU
		{B16C4F53-0419-41E7-B255-931CD30CCDCE}.Debug|Any CPU.ActiveCfg = Debug|Any CPU
		{B16C4F53-0419-41E7-B255-931CD30CCDCE}.Debug|Any CPU.Build.0 = Debug|Any CPU
		{B16C4F53-0419-41E7-B255-931CD30CCDCE}.Release|Any CPU.ActiveCfg = Release|Any CPU
		{B16C4F53-0419-41E7-B255-931CD30CCDCE}.Release|Any CPU.Build.0 = Release|Any CPU
		{A4CDAD88-94CB-4648-B13A-919164A08AD4}.Debug|Any CPU.ActiveCfg = Debug|Any CPU
		{A4CDAD88-94CB-4648-B13A-919164A08AD4}.Debug|Any CPU.Build.0 = Debug|Any CPU
		{A4CDAD88-94CB-4648-B13A-919164A08AD4}.Release|Any CPU.ActiveCfg = Release|Any CPU
		{A4CDAD88-94CB-4648-B13A-919164A08AD4}.Release|Any CPU.Build.0 = Release|Any CPU
		{BA9D72CE-2A55-49EB-A227-FE7254FAC11E}.Debug|Any CPU.ActiveCfg = Debug|Any CPU
		{BA9D72CE-2A55-49EB-A227-FE7254FAC11E}.Debug|Any CPU.Build.0 = Debug|Any CPU
		{BA9D72CE-2A55-49EB-A227-FE7254FAC11E}.Release|Any CPU.ActiveCfg = Release|Any CPU
		{BA9D72CE-2A55-49EB-A227-FE7254FAC11E}.Release|Any CPU.Build.0 = Release|Any CPU
		{1AA02165-D555-4E2B-A4C7-D98430F0D9D5}.Debug|Any CPU.ActiveCfg = Debug|Any CPU
		{1AA02165-D555-4E2B-A4C7-D98430F0D9D5}.Debug|Any CPU.Build.0 = Debug|Any CPU
		{1AA02165-D555-4E2B-A4C7-D98430F0D9D5}.Release|Any CPU.ActiveCfg = Release|Any CPU
		{1AA02165-D555-4E2B-A4C7-D98430F0D9D5}.Release|Any CPU.Build.0 = Release|Any CPU
		{E5EC5F1A-ECC2-4CFE-9490-5DE16C851636}.Debug|Any CPU.ActiveCfg = Debug|Any CPU
		{E5EC5F1A-ECC2-4CFE-9490-5DE16C851636}.Debug|Any CPU.Build.0 = Debug|Any CPU
		{E5EC5F1A-ECC2-4CFE-9490-5DE16C851636}.Release|Any CPU.ActiveCfg = Release|Any CPU
		{E5EC5F1A-ECC2-4CFE-9490-5DE16C851636}.Release|Any CPU.Build.0 = Release|Any CPU
		{F720ACCF-D2BF-4357-BE55-AD8D0406B9E1}.Debug|Any CPU.ActiveCfg = Debug|Any CPU
		{F720ACCF-D2BF-4357-BE55-AD8D0406B9E1}.Debug|Any CPU.Build.0 = Debug|Any CPU
		{F720ACCF-D2BF-4357-BE55-AD8D0406B9E1}.Release|Any CPU.ActiveCfg = Release|Any CPU
		{F720ACCF-D2BF-4357-BE55-AD8D0406B9E1}.Release|Any CPU.Build.0 = Release|Any CPU
		{DAA897A7-9E64-42E4-ACF7-3DC79978C11B}.Debug|Any CPU.ActiveCfg = Debug|Any CPU
		{DAA897A7-9E64-42E4-ACF7-3DC79978C11B}.Debug|Any CPU.Build.0 = Debug|Any CPU
		{DAA897A7-9E64-42E4-ACF7-3DC79978C11B}.Release|Any CPU.ActiveCfg = Release|Any CPU
		{DAA897A7-9E64-42E4-ACF7-3DC79978C11B}.Release|Any CPU.Build.0 = Release|Any CPU
		{FB2A912C-A10A-45C6-8023-D953EADF2AD6}.Debug|Any CPU.ActiveCfg = Debug|Any CPU
		{FB2A912C-A10A-45C6-8023-D953EADF2AD6}.Debug|Any CPU.Build.0 = Debug|Any CPU
		{FB2A912C-A10A-45C6-8023-D953EADF2AD6}.Release|Any CPU.ActiveCfg = Release|Any CPU
		{FB2A912C-A10A-45C6-8023-D953EADF2AD6}.Release|Any CPU.Build.0 = Release|Any CPU
		{D5C49399-3953-488C-A9B8-E74116B91571}.Debug|Any CPU.ActiveCfg = Debug|Any CPU
		{D5C49399-3953-488C-A9B8-E74116B91571}.Debug|Any CPU.Build.0 = Debug|Any CPU
		{D5C49399-3953-488C-A9B8-E74116B91571}.Release|Any CPU.ActiveCfg = Release|Any CPU
		{D5C49399-3953-488C-A9B8-E74116B91571}.Release|Any CPU.Build.0 = Release|Any CPU
		{C3DB23B8-FE34-4AC0-AB50-6C2FA1D9FED9}.Debug|Any CPU.ActiveCfg = Debug|Any CPU
		{C3DB23B8-FE34-4AC0-AB50-6C2FA1D9FED9}.Debug|Any CPU.Build.0 = Debug|Any CPU
		{C3DB23B8-FE34-4AC0-AB50-6C2FA1D9FED9}.Release|Any CPU.ActiveCfg = Release|Any CPU
		{C3DB23B8-FE34-4AC0-AB50-6C2FA1D9FED9}.Release|Any CPU.Build.0 = Release|Any CPU
		{0FEC97FD-9F89-41B9-AFB3-5BE1A8AA4C45}.Debug|Any CPU.ActiveCfg = Debug|Any CPU
		{0FEC97FD-9F89-41B9-AFB3-5BE1A8AA4C45}.Debug|Any CPU.Build.0 = Debug|Any CPU
		{0FEC97FD-9F89-41B9-AFB3-5BE1A8AA4C45}.Release|Any CPU.ActiveCfg = Release|Any CPU
		{0FEC97FD-9F89-41B9-AFB3-5BE1A8AA4C45}.Release|Any CPU.Build.0 = Release|Any CPU
		{6732ADB9-CC4B-43C0-B2C0-1E44E5F2C3F8}.Debug|Any CPU.ActiveCfg = Debug|Any CPU
		{6732ADB9-CC4B-43C0-B2C0-1E44E5F2C3F8}.Debug|Any CPU.Build.0 = Debug|Any CPU
		{6732ADB9-CC4B-43C0-B2C0-1E44E5F2C3F8}.Release|Any CPU.ActiveCfg = Release|Any CPU
		{6732ADB9-CC4B-43C0-B2C0-1E44E5F2C3F8}.Release|Any CPU.Build.0 = Release|Any CPU
		{674CC552-0C36-45F1-87C0-1B5BA4776D57}.Debug|Any CPU.ActiveCfg = Debug|Any CPU
		{674CC552-0C36-45F1-87C0-1B5BA4776D57}.Debug|Any CPU.Build.0 = Debug|Any CPU
		{674CC552-0C36-45F1-87C0-1B5BA4776D57}.Release|Any CPU.ActiveCfg = Release|Any CPU
		{674CC552-0C36-45F1-87C0-1B5BA4776D57}.Release|Any CPU.Build.0 = Release|Any CPU
		{3016953F-7070-4FBE-9213-DBE6A776A8E3}.Debug|Any CPU.ActiveCfg = Debug|Any CPU
		{3016953F-7070-4FBE-9213-DBE6A776A8E3}.Debug|Any CPU.Build.0 = Debug|Any CPU
		{3016953F-7070-4FBE-9213-DBE6A776A8E3}.Release|Any CPU.ActiveCfg = Release|Any CPU
		{3016953F-7070-4FBE-9213-DBE6A776A8E3}.Release|Any CPU.Build.0 = Release|Any CPU
		{14B2B12F-1BE0-43E7-895C-43F02E8BAE2B}.Debug|Any CPU.ActiveCfg = Debug|Any CPU
		{14B2B12F-1BE0-43E7-895C-43F02E8BAE2B}.Debug|Any CPU.Build.0 = Debug|Any CPU
		{14B2B12F-1BE0-43E7-895C-43F02E8BAE2B}.Release|Any CPU.ActiveCfg = Release|Any CPU
		{14B2B12F-1BE0-43E7-895C-43F02E8BAE2B}.Release|Any CPU.Build.0 = Release|Any CPU
		{34020421-1731-4C43-9373-2D8659B015E1}.Debug|Any CPU.ActiveCfg = Debug|Any CPU
		{34020421-1731-4C43-9373-2D8659B015E1}.Debug|Any CPU.Build.0 = Debug|Any CPU
		{34020421-1731-4C43-9373-2D8659B015E1}.Release|Any CPU.ActiveCfg = Release|Any CPU
		{34020421-1731-4C43-9373-2D8659B015E1}.Release|Any CPU.Build.0 = Release|Any CPU
	EndGlobalSection
	GlobalSection(SolutionProperties) = preSolution
		HideSolutionNode = FALSE
	EndGlobalSection
	GlobalSection(ExtensibilityGlobals) = postSolution
		SolutionGuid = {BA525196-E5F6-40EA-93CA-358CEA8922AC}
	EndGlobalSection
EndGlobal
